github.com/BurntSushi/toml v1.6.0 h1:dRaEfpa2VI55EwlIW72hMRHdWouJeRF7TPYhI+AUQjk=
github.com/BurntSushi/toml v1.6.0/go.mod h1:ukJfTF/6rtPPRCnwkur4qwRxa8vTRFBF0uk2lLoLwho=
github.com/go-json-experiment/json v0.0.0-20260214004413-d219187c3433 h1:vymEbVwYFP/L05h5TKQxvkXoKxNvTpjxYKdF1Nlwuao=
github.com/go-json-experiment/json v0.0.0-20260214004413-d219187c3433/go.mod h1:tphK2c80bpPhMOI4v6bIc2xWywPfbqi1Z06+RcrMkDg=
github.com/tamnd/gocopy v0.5.0 h1:N8b5S/RgCkwwSNAtDNGHt6BIka49AiiZ5BnhPcqvhG4=
github.com/tamnd/gocopy v0.5.0/go.mod h1:96jCanWmvLzuX94JIRgbMpyS8IhQwNy8cM/Lf3w0zAc=
github.com/tamnd/goipy v0.0.308 h1:/WX+OBqdmYkTdZ3qUwN+2+W4HybwGxxntNbgIXvXvTw=
github.com/tamnd/goipy v0.0.308/go.mod h1:HJ4A8xhsRu69AlgQ2dJ7z8MdLIQQ2E/LBrxheC2YO8Y=
github.com/tamnd/gopapy v0.6.0 h1:3stgpmS+snW1Opzq+Smj0XXWjwk5KwenF3K7NINl8as=
github.com/tamnd/gopapy v0.6.0/go.mod h1:gGeGkaI/uUwSPFXWbYyRtHGBMxDVeWGhqBXgQDLuxmo=
golang.org/x/crypto v0.50.0 h1:zO47/JPrL6vsNkINmLoo/PH1gcxpls50DNogFvB5ZGI=
golang.org/x/crypto v0.50.0/go.mod h1:3muZ7vA7PBCE6xgPX7nkzzjiUq87kRItoJQM1Yo8S+Q=
golang.org/x/sys v0.43.0 h1:Rlag2XtaFTxp19wS8MXlJwTvoh8ArU6ezoyFsMyCTNI=
golang.org/x/sys v0.43.0/go.mod h1:4GL1E5IUh+htKOUEOaiffhrAeqysfVGipDYzABqnCmw=
golang.org/x/text v0.36.0 h1:JfKh3XmcRPqZPKevfXVpI1wXPTqbkE5f7JA92a55Yxg=
golang.org/x/text v0.36.0/go.mod h1:NIdBknypM8iqVmPiuco0Dh6P5Jcdk8lJL0CUebqK164=
