version = 1
requires-python = ">=3.12"

[[package]]
name = "demo"
version = "0.0.1"
source = { virtual = "." }
dependencies = [
  { name = "widget" },
]

[package.metadata]
requires-dist = [
  { name = "widget", specifier = ">=1.0" },
]

[[package]]
name = "widget"
version = "1.1.0"
source = { registry = "https://pypi.org/simple" }

[[package.wheels]]
url = "https://files.example/widget/widget-1.1.0-py3-none-any.whl"
hash = "sha256:5b9866d1a5e11d85e37f88de9a941f9349ed18f4cd46508b12b1603d2ad63e2b"
size = 0
