# bunpy.lock - generated by bunpy. Do not edit by hand.
version = 1
content-hash = "sha256:dcc643a0ed6845da9c24ee56a0421424ce306d6f4fc360d18609c115af84a495"

[[package]]
name = "widget"
version = "1.1.0"
filename = "widget-1.1.0-py3-none-any.whl"
url = "https://files.example/widget/widget-1.1.0-py3-none-any.whl"
hash = "sha256:5b9866d1a5e11d85e37f88de9a941f9349ed18f4cd46508b12b1603d2ad63e2b"
lanes = ["dev"]
