# bunpy.lock - generated by bunpy. Do not edit by hand.
version = 1
content-hash = "sha256:bc9c5a725e33cdcd1b79088143ee5ca832670305cb8763b31a92fd306c51adce"

[[package]]
name = "gizmo"
version = "2.0.0"
filename = "gizmo-2.0.0-py3-none-any.whl"
url = "https://files.example/gizmo/gizmo-2.0.0-py3-none-any.whl"
hash = "sha256:1bab3c37f9d20ea2ec432ece91eaf166c9bdb678af26e628f1d9dedff0b198ee"

[[package]]
name = "widget"
version = "1.0.0"
filename = "widget-1.0.0-py3-none-any.whl"
url = "https://files.example/widget/widget-1.0.0-py3-none-any.whl"
hash = "sha256:297cfd94dde49aa06bf455b778222d2604b7ccf57fc4c661a911b463520e5dda"
