# bunpy.lock - generated by bunpy. Do not edit by hand.
version = 1
generated = "2026-04-26T00:00:00Z"
content-hash = "sha256:bc9c5a725e33cdcd1b79088143ee5ca832670305cb8763b31a92fd306c51adce"

[[package]]
name = "widget"
version = "1.0.0"
filename = "widget-1.0.0-py3-none-any.whl"
url = "https://files.example/widget/widget-1.0.0-py3-none-any.whl"
hash = "sha256:86eaa2517187b884e706a792085ed6dabd2530e6f37d0d9220d08b5448c8a796"
